
Microsoft Visual Studio Solution File, Format Version 12.00
# Visual Studio 14
VisualStudioVersion = 14.0.25420.1
MinimumVisualStudioVersion = 10.0.40219.1
Project("{2150E333-8FDC-42A3-9474-1A3956D46DE8}") = "src", "src", "{D17D9B86-D364-452C-B3FA-B1DB924969A8}"
EndProject
Project("{2150E333-8FDC-42A3-9474-1A3956D46DE8}") = "Solution Items", "Solution Items", "{6073E545-31AB-4992-999C-B7457D3E2E07}"
	ProjectSection(SolutionItems) = preProject
		global.json = global.json
	EndProjectSection
EndProject
Project("{8BB2217D-0F2D-49D1-97BC-3654ED321F3B}") = "app", "src\app\app.xproj", "{510F8E1E-CF18-47FE-87C5-5B3B72C43763}"
EndProject
Project("{8BB2217D-0F2D-49D1-97BC-3654ED321F3B}") = "core", "src\core\core.xproj", "{9C9B907E-390C-46D6-B883-8CC7E6F2C21A}"
EndProject
Project("{8BB2217D-0F2D-49D1-97BC-3654ED321F3B}") = "dal", "src\dal\dal.xproj", "{CCEFBC9D-25FF-40E8-805C-BF4760456DEC}"
EndProject
Project("{8BB2217D-0F2D-49D1-97BC-3654ED321F3B}") = "test", "src\test\test.xproj", "{07F54CF5-1E04-4A99-83BA-CEAE7C22580C}"
EndProject
Global
	GlobalSection(SolutionConfigurationPlatforms) = preSolution
		Debug|Any CPU = Debug|Any CPU
		Release|Any CPU = Release|Any CPU
	EndGlobalSection
	GlobalSection(ProjectConfigurationPlatforms) = postSolution
		{510F8E1E-CF18-47FE-87C5-5B3B72C43763}.Debug|Any CPU.ActiveCfg = Debug|Any CPU
		{510F8E1E-CF18-47FE-87C5-5B3B72C43763}.Debug|Any CPU.Build.0 = Debug|Any CPU
		{510F8E1E-CF18-47FE-87C5-5B3B72C43763}.Release|Any CPU.ActiveCfg = Release|Any CPU
		{510F8E1E-CF18-47FE-87C5-5B3B72C43763}.Release|Any CPU.Build.0 = Release|Any CPU
		{9C9B907E-390C-46D6-B883-8CC7E6F2C21A}.Debug|Any CPU.ActiveCfg = Debug|Any CPU
		{9C9B907E-390C-46D6-B883-8CC7E6F2C21A}.Debug|Any CPU.Build.0 = Debug|Any CPU
		{9C9B907E-390C-46D6-B883-8CC7E6F2C21A}.Release|Any CPU.ActiveCfg = Release|Any CPU
		{9C9B907E-390C-46D6-B883-8CC7E6F2C21A}.Release|Any CPU.Build.0 = Release|Any CPU
		{CCEFBC9D-25FF-40E8-805C-BF4760456DEC}.Debug|Any CPU.ActiveCfg = Debug|Any CPU
		{CCEFBC9D-25FF-40E8-805C-BF4760456DEC}.Debug|Any CPU.Build.0 = Debug|Any CPU
		{CCEFBC9D-25FF-40E8-805C-BF4760456DEC}.Release|Any CPU.ActiveCfg = Release|Any CPU
		{CCEFBC9D-25FF-40E8-805C-BF4760456DEC}.Release|Any CPU.Build.0 = Release|Any CPU
		{07F54CF5-1E04-4A99-83BA-CEAE7C22580C}.Debug|Any CPU.ActiveCfg = Debug|Any CPU
		{07F54CF5-1E04-4A99-83BA-CEAE7C22580C}.Debug|Any CPU.Build.0 = Debug|Any CPU
		{07F54CF5-1E04-4A99-83BA-CEAE7C22580C}.Release|Any CPU.ActiveCfg = Release|Any CPU
		{07F54CF5-1E04-4A99-83BA-CEAE7C22580C}.Release|Any CPU.Build.0 = Release|Any CPU
	EndGlobalSection
	GlobalSection(SolutionProperties) = preSolution
		HideSolutionNode = FALSE
	EndGlobalSection
	GlobalSection(NestedProjects) = preSolution
		{510F8E1E-CF18-47FE-87C5-5B3B72C43763} = {D17D9B86-D364-452C-B3FA-B1DB924969A8}
		{9C9B907E-390C-46D6-B883-8CC7E6F2C21A} = {D17D9B86-D364-452C-B3FA-B1DB924969A8}
		{CCEFBC9D-25FF-40E8-805C-BF4760456DEC} = {D17D9B86-D364-452C-B3FA-B1DB924969A8}
		{07F54CF5-1E04-4A99-83BA-CEAE7C22580C} = {D17D9B86-D364-452C-B3FA-B1DB924969A8}
	EndGlobalSection
EndGlobal
